
Microsoft Visual Studio Solution File, Format Version 12.00
# Visual Studio Version 16
VisualStudioVersion = 16.0.30717.126
MinimumVisualStudioVersion = 10.0.40219.1
Project("{FAE04EC0-301F-11D3-BF4B-00C04F79EFBC}") = "DateTimeCompare", "DateTimeCompare\DateTimeCompare.csproj", "{61DC274A-079B-41C1-9C00-6C8461677FA5}"
EndProject
Global
	GlobalSection(SolutionConfigurationPlatforms) = preSolution
		Debug|Any CPU = Debug|Any CPU
		Release|Any CPU = Release|Any CPU
	EndGlobalSection
	GlobalSection(ProjectConfigurationPlatforms) = postSolution
		{61DC274A-079B-41C1-9C00-6C8461677FA5}.Debug|Any CPU.ActiveCfg = Debug|Any CPU
		{61DC274A-079B-41C1-9C00-6C8461677FA5}.Debug|Any CPU.Build.0 = Debug|Any CPU
		{61DC274A-079B-41C1-9C00-6C8461677FA5}.Release|Any CPU.ActiveCfg = Release|Any CPU
		{61DC274A-079B-41C1-9C00-6C8461677FA5}.Release|Any CPU.Build.0 = Release|Any CPU
	EndGlobalSection
	GlobalSection(SolutionProperties) = preSolution
		HideSolutionNode = FALSE
	EndGlobalSection
	GlobalSection(ExtensibilityGlobals) = postSolution
		SolutionGuid = {2CA9D124-ACB7-4792-AC03-830E363F62B9}
	EndGlobalSection
EndGlobal
